
Microsoft Visual Studio Solution File, Format Version 12.00
# Visual Studio 15
VisualStudioVersion = 15.0.28307.1259
MinimumVisualStudioVersion = 10.0.40219.1
Project("{8BC9CEB8-8B4A-11D0-8D11-00A0C91BC942}") = "Lab1-C++", "Lab1-C++\Lab1-C++.vcxproj", "{06F96F06-8C05-45D5-A75F-D7F7DC02200B}"
EndProject
Global
	GlobalSection(SolutionConfigurationPlatforms) = preSolution
		Debug|x64 = Debug|x64
		Debug|x86 = Debug|x86
		Release|x64 = Release|x64
		Release|x86 = Release|x86
	EndGlobalSection
	GlobalSection(ProjectConfigurationPlatforms) = postSolution
		{06F96F06-8C05-45D5-A75F-D7F7DC02200B}.Debug|x64.ActiveCfg = Debug|x64
		{06F96F06-8C05-45D5-A75F-D7F7DC02200B}.Debug|x64.Build.0 = Debug|x64
		{06F96F06-8C05-45D5-A75F-D7F7DC02200B}.Debug|x86.ActiveCfg = Debug|Win32
		{06F96F06-8C05-45D5-A75F-D7F7DC02200B}.Debug|x86.Build.0 = Debug|Win32
		{06F96F06-8C05-45D5-A75F-D7F7DC02200B}.Release|x64.ActiveCfg = Release|x64
		{06F96F06-8C05-45D5-A75F-D7F7DC02200B}.Release|x64.Build.0 = Release|x64
		{06F96F06-8C05-45D5-A75F-D7F7DC02200B}.Release|x86.ActiveCfg = Release|Win32
		{06F96F06-8C05-45D5-A75F-D7F7DC02200B}.Release|x86.Build.0 = Release|Win32
	EndGlobalSection
	GlobalSection(SolutionProperties) = preSolution
		HideSolutionNode = FALSE
	EndGlobalSection
	GlobalSection(ExtensibilityGlobals) = postSolution
		SolutionGuid = {BFCB6E2B-382F-4DFF-9322-676EDC59F646}
	EndGlobalSection
EndGlobal
